Microsoft Visual Studio Solution File, Format Version 12.00
# Visual Studio Version 17
VisualStudioVersion = 17.2.32616.157
MinimumVisualStudioVersion = 10.0.40219.1
Project("{9A19103F-16F7-4668-BE54-9A1E7A4F7556}") = "Bot", "Bot\Bot.csproj", "{18F84656-E79F-4E77-8771-F5BC5302DB76}"
EndProject
Global
	GlobalSection(SolutionConfigurationPlatforms) = preSolution
		Debug|Any CPU = Debug|Any CPU
		Release|Any CPU = Release|Any CPU
	EndGlobalSection
	GlobalSection(ProjectConfigurationPlatforms) = postSolution
		{18F84656-E79F-4E77-8771-F5BC5302DB76}.Debug|Any CPU.ActiveCfg = Debug|Any CPU
		{18F84656-E79F-4E77-8771-F5BC5302DB76}.Debug|Any CPU.Build.0 = Debug|Any CPU
		{18F84656-E79F-4E77-8771-F5BC5302DB76}.Release|Any CPU.ActiveCfg = Release|Any CPU
		{18F84656-E79F-4E77-8771-F5BC5302DB76}.Release|Any CPU.Build.0 = Release|Any CPU
	EndGlobalSection
	GlobalSection(SolutionProperties) = preSolution
		HideSolutionNode = FALSE
	EndGlobalSection
	GlobalSection(ExtensibilityGlobals) = postSolution
		SolutionGuid = {ED79FB0E-89E5-45C5-95E2-7085964183A9}
	EndGlobalSection
EndGlobal
